Microsoft Visual Studio Solution File, Format Version 7.00
Project("{FAE04EC0-301F-11D3-BF4B-00C04F79EFBC}") = "CamTool", "CamTool\CamTool.csproj", "{E63C85CF-8F7C-44A4-B3A3-939EF0BC5D9D}"
EndProject
Global
	GlobalSection(SolutionConfiguration) = preSolution
		ConfigName.0 = Debug
		ConfigName.1 = Release
	EndGlobalSection
	GlobalSection(ProjectDependencies) = postSolution
	EndGlobalSection
	GlobalSection(ProjectConfiguration) = postSolution
		{E63C85CF-8F7C-44A4-B3A3-939EF0BC5D9D}.Debug.ActiveCfg = Debug|.NET
		{E63C85CF-8F7C-44A4-B3A3-939EF0BC5D9D}.Debug.Build.0 = Debug|.NET
		{E63C85CF-8F7C-44A4-B3A3-939EF0BC5D9D}.Release.ActiveCfg = Release|.NET
		{E63C85CF-8F7C-44A4-B3A3-939EF0BC5D9D}.Release.Build.0 = Release|.NET
	EndGlobalSection
	GlobalSection(ExtensibilityGlobals) = postSolution
	EndGlobalSection
	GlobalSection(ExtensibilityAddIns) = postSolution
	EndGlobalSection
EndGlobal
